
Microsoft Visual Studio Solution File, Format Version 12.00
# Visual Studio Version 17
VisualStudioVersion = 17.3.32922.545
MinimumVisualStudioVersion = 10.0.40219.1
Project("{FAE04EC0-301F-11D3-BF4B-00C04F79EFBC}") = "SelecioneBem", "SelecioneBem\SelecioneBem.csproj", "{904417A3-1C65-453A-BA23-D2083CFAA945}"
EndProject
Global
	GlobalSection(SolutionConfigurationPlatforms) = preSolution
		Debug|Any CPU = Debug|Any CPU
		Release|Any CPU = Release|Any CPU
	EndGlobalSection
	GlobalSection(ProjectConfigurationPlatforms) = postSolution
		{904417A3-1C65-453A-BA23-D2083CFAA945}.Debug|Any CPU.ActiveCfg = Debug|Any CPU
		{904417A3-1C65-453A-BA23-D2083CFAA945}.Debug|Any CPU.Build.0 = Debug|Any CPU
		{904417A3-1C65-453A-BA23-D2083CFAA945}.Release|Any CPU.ActiveCfg = Release|Any CPU
		{904417A3-1C65-453A-BA23-D2083CFAA945}.Release|Any CPU.Build.0 = Release|Any CPU
	EndGlobalSection
	GlobalSection(SolutionProperties) = preSolution
		HideSolutionNode = FALSE
	EndGlobalSection
	GlobalSection(ExtensibilityGlobals) = postSolution
		SolutionGuid = {BD8F442D-54A6-43C9-AE11-B5FA56360822}
	EndGlobalSection
EndGlobal
